
Microsoft Visual Studio Solution File, Format Version 12.00
# Visual Studio 2012
Project("{FAE04EC0-301F-11D3-BF4B-00C04F79EFBC}") = "TestCaseManager", "TestCaseManager\TestCaseManager.csproj", "{E842718A-6C49-482A-9131-630A62CD9616}"
EndProject
Project("{2150E333-8FDC-42A3-9474-1A3956D46DE8}") = ".nuget", ".nuget", "{18542244-B7B0-4218-80E9-326D2FCA407E}"
	ProjectSection(SolutionItems) = preProject
		.nuget\NuGet.Config = .nuget\NuGet.Config
		.nuget\NuGet.exe = .nuget\NuGet.exe
		.nuget\NuGet.targets = .nuget\NuGet.targets
	EndProjectSection
EndProject
Project("{FAE04EC0-301F-11D3-BF4B-00C04F79EFBC}") = "TestCaseManagerCore", "TestCaseManagerCore\TestCaseManagerCore.csproj", "{D5457A68-337D-4D6B-8AD0-B335B9B996DB}"
EndProject
Project("{2150E333-8FDC-42A3-9474-1A3956D46DE8}") = "Solution Items", "Solution Items", "{0194D5FB-F981-4F11-96C6-D8A71F34CF07}"
EndProject
Project("{2150E333-8FDC-42A3-9474-1A3956D46DE8}") = "ReferenceAssemblies", "ReferenceAssemblies", "{2D959D74-A087-49EF-BD9B-55D547CD8033}"
	ProjectSection(SolutionItems) = preProject
		ReferenceAssemblies\De.TorstenMandelkow.MetroChart.dll = ReferenceAssemblies\De.TorstenMandelkow.MetroChart.dll
	EndProjectSection
EndProject
Global
	GlobalSection(SolutionConfigurationPlatforms) = preSolution
		CD_ROM|Any CPU = CD_ROM|Any CPU
		Debug|Any CPU = Debug|Any CPU
		DVD-5|Any CPU = DVD-5|Any CPU
		Release|Any CPU = Release|Any CPU
		SingleImage|Any CPU = SingleImage|Any CPU
	EndGlobalSection
	GlobalSection(ProjectConfigurationPlatforms) = postSolution
		{E842718A-6C49-482A-9131-630A62CD9616}.CD_ROM|Any CPU.ActiveCfg = Release|Any CPU
		{E842718A-6C49-482A-9131-630A62CD9616}.CD_ROM|Any CPU.Build.0 = Release|Any CPU
		{E842718A-6C49-482A-9131-630A62CD9616}.Debug|Any CPU.ActiveCfg = Debug|Any CPU
		{E842718A-6C49-482A-9131-630A62CD9616}.Debug|Any CPU.Build.0 = Debug|Any CPU
		{E842718A-6C49-482A-9131-630A62CD9616}.DVD-5|Any CPU.ActiveCfg = Debug|Any CPU
		{E842718A-6C49-482A-9131-630A62CD9616}.DVD-5|Any CPU.Build.0 = Debug|Any CPU
		{E842718A-6C49-482A-9131-630A62CD9616}.Release|Any CPU.ActiveCfg = Release|Any CPU
		{E842718A-6C49-482A-9131-630A62CD9616}.Release|Any CPU.Build.0 = Release|Any CPU
		{E842718A-6C49-482A-9131-630A62CD9616}.SingleImage|Any CPU.ActiveCfg = Release|Any CPU
		{E842718A-6C49-482A-9131-630A62CD9616}.SingleImage|Any CPU.Build.0 = Release|Any CPU
		{D5457A68-337D-4D6B-8AD0-B335B9B996DB}.CD_ROM|Any CPU.ActiveCfg = Release|Any CPU
		{D5457A68-337D-4D6B-8AD0-B335B9B996DB}.CD_ROM|Any CPU.Build.0 = Release|Any CPU
		{D5457A68-337D-4D6B-8AD0-B335B9B996DB}.Debug|Any CPU.ActiveCfg = Debug|Any CPU
		{D5457A68-337D-4D6B-8AD0-B335B9B996DB}.Debug|Any CPU.Build.0 = Debug|Any CPU
		{D5457A68-337D-4D6B-8AD0-B335B9B996DB}.DVD-5|Any CPU.ActiveCfg = Debug|Any CPU
		{D5457A68-337D-4D6B-8AD0-B335B9B996DB}.DVD-5|Any CPU.Build.0 = Debug|Any CPU
		{D5457A68-337D-4D6B-8AD0-B335B9B996DB}.Release|Any CPU.ActiveCfg = Release|Any CPU
		{D5457A68-337D-4D6B-8AD0-B335B9B996DB}.Release|Any CPU.Build.0 = Release|Any CPU
		{D5457A68-337D-4D6B-8AD0-B335B9B996DB}.SingleImage|Any CPU.ActiveCfg = Release|Any CPU
		{D5457A68-337D-4D6B-8AD0-B335B9B996DB}.SingleImage|Any CPU.Build.0 = Release|Any CPU
	EndGlobalSection
	GlobalSection(SolutionProperties) = preSolution
		HideSolutionNode = FALSE
	EndGlobalSection
EndGlobal
